<?xml version="1.0" encoding="UTF-8" standalone="yes" ?>
<CodeBlocks_project_file>
	<FileVersion major="1" minor="6" />
	<Project>
		<Option title="SunspecDevice" />
		<Option pch_mode="2" />
		<Option compiler="gcc" />
		<Build>
			<Target title="Debug">
				<Option output="bin/Debug/SunspecDevice" prefix_auto="1" extension_auto="1" />
				<Option object_output="obj/Debug/" />
				<Option type="1" />
				<Option compiler="gcc" />
				<Compiler>
					<Add option="-std=c++11" />
					<Add option="-g" />
					<Add directory="/home/tylor/src/boost_1_66_0" />
					<Add directory="/usr/local/include" />
				</Compiler>
				<Linker>
					<Add option="-lmodbus" />
					<Add directory="/usr/local/lib" />
				</Linker>
			</Target>
			<Target title="Release">
				<Option output="bin/Release/SunspecDevice" prefix_auto="1" extension_auto="1" />
				<Option object_output="obj/Release/" />
				<Option type="1" />
				<Option compiler="gcc" />
				<Compiler>
					<Add option="-O2" />
				</Compiler>
				<Linker>
					<Add option="-s" />
				</Linker>
			</Target>
		</Build>
		<Compiler>
			<Add option="-Wall" />
			<Add option="-std=c++11" />
			<Add option="-g" />
			<Add option="-fexceptions" />
			<Add directory="/home/tylor/src/boost_1_66_0" />
			<Add directory="/usr/local/include" />
		</Compiler>
		<Linker>
			<Add option="-lmodbus" />
			<Add directory="/usr/local/lib" />
		</Linker>
		<Unit filename="../build/src/SunSpecModbus.cpp" />
		<Unit filename="../build/src/SunSpecModel.cpp" />
		<Unit filename="../build/src/include/SunSpecModbus.h" />
		<Unit filename="../build/src/include/SunSpecModel.h" />
		<Unit filename="../build/src/main.cpp" />
		<Unit filename="../data/models/smdx/CHANGELOG" />
		<Unit filename="../data/models/smdx/Makefile" />
		<Unit filename="../data/models/smdx/manifest.py" />
		<Unit filename="../data/models/smdx/manifest.xml" />
		<Unit filename="../data/models/smdx/manifest.xml.md5" />
		<Unit filename="../data/models/smdx/smdx.xsd" />
		<Unit filename="../data/models/smdx/smdx_00001.xml" />
		<Unit filename="../data/models/smdx/smdx_00002.xml" />
		<Unit filename="../data/models/smdx/smdx_00003.xml" />
		<Unit filename="../data/models/smdx/smdx_00004.xml" />
		<Unit filename="../data/models/smdx/smdx_00005.xml" />
		<Unit filename="../data/models/smdx/smdx_00006.xml" />
		<Unit filename="../data/models/smdx/smdx_00007.xml" />
		<Unit filename="../data/models/smdx/smdx_00008.xml" />
		<Unit filename="../data/models/smdx/smdx_00009.xml" />
		<Unit filename="../data/models/smdx/smdx_00010.xml" />
		<Unit filename="../data/models/smdx/smdx_00011.xml" />
		<Unit filename="../data/models/smdx/smdx_00012.xml" />
		<Unit filename="../data/models/smdx/smdx_00013.xml" />
		<Unit filename="../data/models/smdx/smdx_00014.xml" />
		<Unit filename="../data/models/smdx/smdx_00015.xml" />
		<Unit filename="../data/models/smdx/smdx_00016.xml" />
		<Unit filename="../data/models/smdx/smdx_00017.xml" />
		<Unit filename="../data/models/smdx/smdx_00018.xml" />
		<Unit filename="../data/models/smdx/smdx_00019.xml" />
		<Unit filename="../data/models/smdx/smdx_00101.xml" />
		<Unit filename="../data/models/smdx/smdx_00102.xml" />
		<Unit filename="../data/models/smdx/smdx_00103.xml" />
		<Unit filename="../data/models/smdx/smdx_00111.xml" />
		<Unit filename="../data/models/smdx/smdx_00112.xml" />
		<Unit filename="../data/models/smdx/smdx_00113.xml" />
		<Unit filename="../data/models/smdx/smdx_00120.xml" />
		<Unit filename="../data/models/smdx/smdx_00121.xml" />
		<Unit filename="../data/models/smdx/smdx_00122.xml" />
		<Unit filename="../data/models/smdx/smdx_00123.xml" />
		<Unit filename="../data/models/smdx/smdx_00124.xml" />
		<Unit filename="../data/models/smdx/smdx_00125.xml" />
		<Unit filename="../data/models/smdx/smdx_00126.xml" />
		<Unit filename="../data/models/smdx/smdx_00127.xml" />
		<Unit filename="../data/models/smdx/smdx_00128.xml" />
		<Unit filename="../data/models/smdx/smdx_00129.xml" />
		<Unit filename="../data/models/smdx/smdx_00130.xml" />
		<Unit filename="../data/models/smdx/smdx_00131.xml" />
		<Unit filename="../data/models/smdx/smdx_00132.xml" />
		<Unit filename="../data/models/smdx/smdx_00133.xml" />
		<Unit filename="../data/models/smdx/smdx_00134.xml" />
		<Unit filename="../data/models/smdx/smdx_00135.xml" />
		<Unit filename="../data/models/smdx/smdx_00136.xml" />
		<Unit filename="../data/models/smdx/smdx_00137.xml" />
		<Unit filename="../data/models/smdx/smdx_00138.xml" />
		<Unit filename="../data/models/smdx/smdx_00139.xml" />
		<Unit filename="../data/models/smdx/smdx_00140.xml" />
		<Unit filename="../data/models/smdx/smdx_00141.xml" />
		<Unit filename="../data/models/smdx/smdx_00142.xml" />
		<Unit filename="../data/models/smdx/smdx_00143.xml" />
		<Unit filename="../data/models/smdx/smdx_00144.xml" />
		<Unit filename="../data/models/smdx/smdx_00145.xml" />
		<Unit filename="../data/models/smdx/smdx_00160.xml" />
		<Unit filename="../data/models/smdx/smdx_00201.xml" />
		<Unit filename="../data/models/smdx/smdx_00202.xml" />
		<Unit filename="../data/models/smdx/smdx_00203.xml" />
		<Unit filename="../data/models/smdx/smdx_00204.xml" />
		<Unit filename="../data/models/smdx/smdx_00211.xml" />
		<Unit filename="../data/models/smdx/smdx_00212.xml" />
		<Unit filename="../data/models/smdx/smdx_00213.xml" />
		<Unit filename="../data/models/smdx/smdx_00214.xml" />
		<Unit filename="../data/models/smdx/smdx_00220.xml" />
		<Unit filename="../data/models/smdx/smdx_00302.xml" />
		<Unit filename="../data/models/smdx/smdx_00303.xml" />
		<Unit filename="../data/models/smdx/smdx_00304.xml" />
		<Unit filename="../data/models/smdx/smdx_00305.xml" />
		<Unit filename="../data/models/smdx/smdx_00306.xml" />
		<Unit filename="../data/models/smdx/smdx_00307.xml" />
		<Unit filename="../data/models/smdx/smdx_00308.xml" />
		<Unit filename="../data/models/smdx/smdx_00401.xml" />
		<Unit filename="../data/models/smdx/smdx_00402.xml" />
		<Unit filename="../data/models/smdx/smdx_00403.xml" />
		<Unit filename="../data/models/smdx/smdx_00404.xml" />
		<Unit filename="../data/models/smdx/smdx_00501.xml" />
		<Unit filename="../data/models/smdx/smdx_00502.xml" />
		<Unit filename="../data/models/smdx/smdx_00601.xml" />
		<Unit filename="../data/models/smdx/smdx_00801.xml" />
		<Unit filename="../data/models/smdx/smdx_00802.xml" />
		<Unit filename="../data/models/smdx/smdx_00803.xml" />
		<Unit filename="../data/models/smdx/smdx_00804.xml" />
		<Unit filename="../data/models/smdx/smdx_00805.xml" />
		<Unit filename="../data/models/smdx/smdx_00806.xml" />
		<Unit filename="../data/models/smdx/smdx_00807.xml" />
		<Unit filename="../data/models/smdx/smdx_00808.xml" />
		<Unit filename="../data/models/smdx/smdx_00809.xml" />
		<Unit filename="../data/models/smdx/smdx_63001.xml" />
		<Unit filename="../data/models/smdx/smdx_63002.xml" />
		<Unit filename="../data/models/smdx/smdx_64001.xml" />
		<Unit filename="../data/models/smdx/smdx_64020.xml" />
		<Unit filename="../data/models/smdx/smdx_64101.xml" />
		<Unit filename="../data/models/smdx/smdx_64110.xml" />
		<Unit filename="../data/models/smdx/smdx_64111.xml" />
		<Unit filename="../data/models/smdx/smdx_64112.xml" />
		<Unit filename="../data/models/smdx/smdx_64201.xml" />
		<Extensions>
			<code_completion />
			<debugger />
		</Extensions>
	</Project>
</CodeBlocks_project_file>
